{
  "version": 4,
  "terraform_version": "1.15.5",
  "serial": 6,
  "lineage": "526ba753-9f41-961e-1a79-06e09b90173c",
  "outputs": {
    "config_file_name": {
      "value": "app.conf",
      "type": "string"
    },
    "environment": {
      "value": "dev",
      "type": "string"
    },
    "port_no": {
      "value": "8000",
      "type": "string"
    }
  },
  "resources": [
    {
      "mode": "managed",
      "type": "local_file",
      "name": "app_config",
      "provider": "provider[\"registry.terraform.io/hashicorp/local\"]",
      "instances": [
        {
          "schema_version": 0,
          "attributes": {
            "content": "APP_NAME=Infra API\r\nENV=dev\r\nPORT=8000\r\n",
            "content_base64": null,
            "content_base64sha256": "9ag4SDUZQpfJ8MullW8Wj8lF18ypoDPkwGjsm1jk+HM=",
            "content_base64sha512": "U8OcZ4v8hrVct+woL17H9B8pBHhf3oKwLaHxU4/3VWccFwQgxPRDsv1uyErEfKnBimP1KUAvjUhYZ3w9or2+fQ==",
            "content_md5": "228692351cf39d44d75be0bbf196acfb",
            "content_sha1": "674fdab8999c04ab618064b9950f78b5339bf058",
            "content_sha256": "f5a8384835194297c9f0cba5956f168fc945d7cca9a033e4c068ec9b58e4f873",
            "content_sha512": "53c39c678bfc86b55cb7ec282f5ec7f41f2904785fde82b02da1f1538ff755671c170420c4f443b2fd6ec84ac47ca9c18a63f529402f8d4858677c3da2bdbe7d",
            "directory_permission": "0777",
            "file_permission": "0777",
            "filename": "app.conf",
            "id": "674fdab8999c04ab618064b9950f78b5339bf058",
            "sensitive_content": null,
            "source": null
          },
          "sensitive_attributes": [
            [
              {
                "type": "get_attr",
                "value": "sensitive_content"
              }
            ]
          ],
          "identity_schema_version": 0
        }
      ]
    }
  ],
  "check_results": null
}
