{
  "version": 4,
  "terraform_version": "1.15.5",
  "serial": 9,
  "lineage": "526ba753-9f41-961e-1a79-06e09b90173c",
  "outputs": {
    "config_file_name": {
      "value": "app.conf",
      "type": "string"
    },
    "environment": {
      "value": "production",
      "type": "string"
    },
    "port_no": {
      "value": "8080",
      "type": "string"
    }
  },
  "resources": [
    {
      "mode": "managed",
      "type": "local_file",
      "name": "app_config",
      "provider": "provider[\"registry.terraform.io/hashicorp/local\"]",
      "instances": [
        {
          "schema_version": 0,
          "attributes": {
            "content": "APP_NAME=Incident API\r\nENV=production\r\nPORT=8080\r\n",
            "content_base64": null,
            "content_base64sha256": "4R3wTLQ5HWxKLh+AmlxrQ+z1rVVv7YkvfnbC71DjaO0=",
            "content_base64sha512": "NcaH3OgXwEpBt/5nvYwyE6H9ToEzdzI2W2UXYvXUZ2rQjp2cS9h1N79ocucCbjQ+1cPnQ3DcULlfkNlrU1tIIA==",
            "content_md5": "53f1e1c76db4d5bd6ae2c9696b5c162f",
            "content_sha1": "8d9dea733cb25424ca2e7194be4bc889afa1a37a",
            "content_sha256": "e11df04cb4391d6c4a2e1f809a5c6b43ecf5ad556fed892f7e76c2ef50e368ed",
            "content_sha512": "35c687dce817c04a41b7fe67bd8c3213a1fd4e81337732365b651762f5d4676ad08e9d9c4bd87537bf6872e7026e343ed5c3e74370dc50b95f90d96b535b4820",
            "directory_permission": "0777",
            "file_permission": "0777",
            "filename": "app.conf",
            "id": "8d9dea733cb25424ca2e7194be4bc889afa1a37a",
            "sensitive_content": null,
            "source": null
          },
          "sensitive_attributes": [
            [
              {
                "type": "get_attr",
                "value": "sensitive_content"
              }
            ]
          ],
          "identity_schema_version": 0
        }
      ]
    }
  ],
  "check_results": null
}
